
Microsoft Visual Studio Solution File, Format Version 12.00
# Visual Studio 2015
Project("{FAE04EC0-301F-11D3-BF4B-00C04F79EFBC}") = "Caoching Demo 0.0.3.CSharp.Plugins", "Caoching Demo 0.0.3.CSharp.Plugins.csproj", "{740D810D-B248-7727-FF5B-3F330CDF380A}"
EndProject
Project("{FAE04EC0-301F-11D3-BF4B-00C04F79EFBC}") = "Caoching Demo 0.0.3.CSharp", "Caoching Demo 0.0.3.CSharp.csproj", "{17DD78BB-1B5F-F2B1-C695-1413117D664A}"
EndProject
Project("{FAE04EC0-301F-11D3-BF4B-00C04F79EFBC}") = "Caoching Demo 0.0.3.CSharp.Editor", "Caoching Demo 0.0.3.CSharp.Editor.csproj", "{C8339DCD-10AD-7FB1-79E4-929BC9C1FEE7}"
EndProject
Project("{F088123C-0E9E-452A-89E6-6BA2F21D5CAC}") = "Math Service", "..\..\Documentation\Math Service\Math Service.modelproj", "{0391E817-622F-42E5-8222-16167E71C77C}"
EndProject
Global
	GlobalSection(SolutionConfigurationPlatforms) = preSolution
		Debug|Any CPU = Debug|Any CPU
		Release|Any CPU = Release|Any CPU
	EndGlobalSection
	GlobalSection(ProjectConfigurationPlatforms) = postSolution
		{740D810D-B248-7727-FF5B-3F330CDF380A}.Debug|Any CPU.ActiveCfg = Debug|Any CPU
		{740D810D-B248-7727-FF5B-3F330CDF380A}.Debug|Any CPU.Build.0 = Debug|Any CPU
		{740D810D-B248-7727-FF5B-3F330CDF380A}.Release|Any CPU.ActiveCfg = Release|Any CPU
		{740D810D-B248-7727-FF5B-3F330CDF380A}.Release|Any CPU.Build.0 = Release|Any CPU
		{17DD78BB-1B5F-F2B1-C695-1413117D664A}.Debug|Any CPU.ActiveCfg = Debug|Any CPU
		{17DD78BB-1B5F-F2B1-C695-1413117D664A}.Debug|Any CPU.Build.0 = Debug|Any CPU
		{17DD78BB-1B5F-F2B1-C695-1413117D664A}.Release|Any CPU.ActiveCfg = Release|Any CPU
		{17DD78BB-1B5F-F2B1-C695-1413117D664A}.Release|Any CPU.Build.0 = Release|Any CPU
		{C8339DCD-10AD-7FB1-79E4-929BC9C1FEE7}.Debug|Any CPU.ActiveCfg = Debug|Any CPU
		{C8339DCD-10AD-7FB1-79E4-929BC9C1FEE7}.Debug|Any CPU.Build.0 = Debug|Any CPU
		{C8339DCD-10AD-7FB1-79E4-929BC9C1FEE7}.Release|Any CPU.ActiveCfg = Release|Any CPU
		{C8339DCD-10AD-7FB1-79E4-929BC9C1FEE7}.Release|Any CPU.Build.0 = Release|Any CPU
		{0391E817-622F-42E5-8222-16167E71C77C}.Debug|Any CPU.ActiveCfg = Debug|Any CPU
		{0391E817-622F-42E5-8222-16167E71C77C}.Debug|Any CPU.Build.0 = Debug|Any CPU
		{0391E817-622F-42E5-8222-16167E71C77C}.Release|Any CPU.ActiveCfg = Release|Any CPU
		{0391E817-622F-42E5-8222-16167E71C77C}.Release|Any CPU.Build.0 = Release|Any CPU
	EndGlobalSection
	GlobalSection(SolutionProperties) = preSolution
		HideSolutionNode = FALSE
	EndGlobalSection
EndGlobal
